// !$*UTF8*$!
{
	archiveVersion = 1;
	classes = {
	};
	objectVersion = 77;
	objects = {

/* Begin PBXBuildFile section */
		53B50126CDA234626901CAB4 /* ISkeletonDemoApp.swift in Sources */ = {isa = PBXBuildFile; fileRef = 606A76EB44040D105A4D4AC4 /* ISkeletonDemoApp.swift */; };
		749E97F6E248120442487D7C /* Skeleton-UIKit in Frameworks */ = {isa = PBXBuildFile; productRef = 7B04E271ABABCA6518D61A99 /* Skeleton-UIKit */; };
		805D96D4F4E0EF9305B2917E /* Skeleton-SwiftUI in Frameworks */ = {isa = PBXBuildFile; productRef = 37CCC6E82B72B17C0B750416 /* Skeleton-SwiftUI */; };
		909D28891FE1007BFA2B4E25 /* UIKitDemoViewController.swift in Sources */ = {isa = PBXBuildFile; fileRef = 9F2453B4F6E2D573420B235F /* UIKitDemoViewController.swift */; };
		B7D2A7AB9F77EC838E625A53 /* SwiftUIDemoView.swift in Sources */ = {isa = PBXBuildFile; fileRef = B6F91242FD4CB057EC95941A /* SwiftUIDemoView.swift */; };
		DE0CF2A712E290D6F086996A /* DemoProfile.swift in Sources */ = {isa = PBXBuildFile; fileRef = DA45E1160528288E5A8DA5A2 /* DemoProfile.swift */; };
/* End PBXBuildFile section */

/* Begin PBXFileReference section */
		006BD4FC191B3C2C9F62E129 /* ISkeleton */ = {isa = PBXFileReference; lastKnownFileType = folder; name = ISkeleton; path = ..; sourceTree = SOURCE_ROOT; };
		606A76EB44040D105A4D4AC4 /* ISkeletonDemoApp.swift */ = {isa = PBXFileReference; lastKnownFileType = sourcecode.swift; path = ISkeletonDemoApp.swift; sourceTree = "<group>"; };
		8945EF2D8D03DFA43832B177 /* ISkeletonDemo.app */ = {isa = PBXFileReference; includeInIndex = 0; lastKnownFileType = wrapper.application; path = ISkeletonDemo.app; sourceTree = BUILT_PRODUCTS_DIR; };
		9F2453B4F6E2D573420B235F /* UIKitDemoViewController.swift */ = {isa = PBXFileReference; lastKnownFileType = sourcecode.swift; path = UIKitDemoViewController.swift; sourceTree = "<group>"; };
		B6F91242FD4CB057EC95941A /* SwiftUIDemoView.swift */ = {isa = PBXFileReference; lastKnownFileType = sourcecode.swift; path = SwiftUIDemoView.swift; sourceTree = "<group>"; };
		DA45E1160528288E5A8DA5A2 /* DemoProfile.swift */ = {isa = PBXFileReference; lastKnownFileType = sourcecode.swift; path = DemoProfile.swift; sourceTree = "<group>"; };
/* End PBXFileReference section */

/* Begin PBXFrameworksBuildPhase section */
		0734622A7ABAF505D64CCFDE /* Frameworks */ = {
			isa = PBXFrameworksBuildPhase;
			buildActionMask = 2147483647;
			files = (
				805D96D4F4E0EF9305B2917E /* Skeleton-SwiftUI in Frameworks */,
				749E97F6E248120442487D7C /* Skeleton-UIKit in Frameworks */,
			);
			runOnlyForDeploymentPostprocessing = 0;
		};
/* End PBXFrameworksBuildPhase section */

/* Begin PBXGroup section */
		0A5603C86420AE97B8F31C04 = {
			isa = PBXGroup;
			children = (
				1FFA8DBEB57617F502789416 /* ISkeletonDemo */,
				E418B78E154A8371F385AF27 /* Packages */,
				6622647F101C7D35905EAA6D /* Products */,
			);
			sourceTree = "<group>";
		};
		1FFA8DBEB57617F502789416 /* ISkeletonDemo */ = {
			isa = PBXGroup;
			children = (
				DA45E1160528288E5A8DA5A2 /* DemoProfile.swift */,
				606A76EB44040D105A4D4AC4 /* ISkeletonDemoApp.swift */,
				B6F91242FD4CB057EC95941A /* SwiftUIDemoView.swift */,
				9F2453B4F6E2D573420B235F /* UIKitDemoViewController.swift */,
			);
			path = ISkeletonDemo;
			sourceTree = "<group>";
		};
		6622647F101C7D35905EAA6D /* Products */ = {
			isa = PBXGroup;
			children = (
				8945EF2D8D03DFA43832B177 /* ISkeletonDemo.app */,
			);
			name = Products;
			sourceTree = "<group>";
		};
		E418B78E154A8371F385AF27 /* Packages */ = {
			isa = PBXGroup;
			children = (
				006BD4FC191B3C2C9F62E129 /* ISkeleton */,
			);
			name = Packages;
			sourceTree = "<group>";
		};
/* End PBXGroup section */

/* Begin PBXNativeTarget section */
		C62EB2E07D162C126B11FCA6 /* ISkeletonDemo */ = {
			isa = PBXNativeTarget;
			buildConfigurationList = EC649A5E6D94ECCE2FF4AF7D /* Build configuration list for PBXNativeTarget "ISkeletonDemo" */;
			buildPhases = (
				B3375867D0972BB4205AEEDE /* Sources */,
				0734622A7ABAF505D64CCFDE /* Frameworks */,
			);
			buildRules = (
			);
			dependencies = (
			);
			name = ISkeletonDemo;
			packageProductDependencies = (
				37CCC6E82B72B17C0B750416 /* Skeleton-SwiftUI */,
				7B04E271ABABCA6518D61A99 /* Skeleton-UIKit */,
			);
			productName = ISkeletonDemo;
			productReference = 8945EF2D8D03DFA43832B177 /* ISkeletonDemo.app */;
			productType = "com.apple.product-type.application";
		};
/* End PBXNativeTarget section */

/* Begin PBXProject section */
		4C4DBB254ED7EA19F304964D /* Project object */ = {
			isa = PBXProject;
			attributes = {
				BuildIndependentTargetsInParallel = YES;
				LastUpgradeCheck = 1430;
				TargetAttributes = {
				};
			};
			buildConfigurationList = 02EBA8AA01D68794D9F62F24 /* Build configuration list for PBXProject "ISkeletonDemo" */;
			developmentRegion = en;
			hasScannedForEncodings = 0;
			knownRegions = (
				Base,
				en,
			);
			mainGroup = 0A5603C86420AE97B8F31C04;
			minimizedProjectReferenceProxies = 1;
			packageReferences = (
				706D3AED730671C21D1DFE98 /* XCLocalSwiftPackageReference ".." */,
			);
			preferredProjectObjectVersion = 77;
			productRefGroup = 6622647F101C7D35905EAA6D /* Products */;
			projectDirPath = "";
			projectRoot = "";
			targets = (
				C62EB2E07D162C126B11FCA6 /* ISkeletonDemo */,
			);
		};
/* End PBXProject section */

/* Begin PBXSourcesBuildPhase section */
		B3375867D0972BB4205AEEDE /* Sources */ = {
			isa = PBXSourcesBuildPhase;
			buildActionMask = 2147483647;
			files = (
				DE0CF2A712E290D6F086996A /* DemoProfile.swift in Sources */,
				53B50126CDA234626901CAB4 /* ISkeletonDemoApp.swift in Sources */,
				B7D2A7AB9F77EC838E625A53 /* SwiftUIDemoView.swift in Sources */,
				909D28891FE1007BFA2B4E25 /* UIKitDemoViewController.swift in Sources */,
			);
			runOnlyForDeploymentPostprocessing = 0;
		};
/* End PBXSourcesBuildPhase section */

/* Begin XCBuildConfiguration section */
		149CEFAB1F94329F2128F548 /* Release */ = {
			isa = XCBuildConfiguration;
			buildSettings = {
				ASSETCATALOG_COMPILER_APPICON_NAME = AppIcon;
				CODE_SIGN_IDENTITY = "iPhone Developer";
				CURRENT_PROJECT_VERSION = 1;
				GENERATE_INFOPLIST_FILE = YES;
				INFOPLIST_KEY_UILaunchScreen_Generation = YES;
				LD_RUNPATH_SEARCH_PATHS = (
					"$(inherited)",
					"@executable_path/Frameworks",
				);
				MARKETING_VERSION = 0.1.0;
				PRODUCT_BUNDLE_IDENTIFIER = com.ibabyblue.ISkeletonDemo;
				SDKROOT = iphoneos;
				SWIFT_VERSION = 5.10;
				TARGETED_DEVICE_FAMILY = "1,2";
			};
			name = Release;
		};
		2B9111CA01F3DBDEDC3235C4 /* Debug */ = {
			isa = XCBuildConfiguration;
			buildSettings = {
				ASSETCATALOG_COMPILER_APPICON_NAME = AppIcon;
				CODE_SIGN_IDENTITY = "iPhone Developer";
				CURRENT_PROJECT_VERSION = 1;
				GENERATE_INFOPLIST_FILE = YES;
				INFOPLIST_KEY_UILaunchScreen_Generation = YES;
				LD_RUNPATH_SEARCH_PATHS = (
					"$(inherited)",
					"@executable_path/Frameworks",
				);
				MARKETING_VERSION = 0.1.0;
				PRODUCT_BUNDLE_IDENTIFIER = com.ibabyblue.ISkeletonDemo;
				SDKROOT = iphoneos;
				SWIFT_VERSION = 5.10;
				TARGETED_DEVICE_FAMILY = "1,2";
			};
			name = Debug;
		};
		5D6BFF1DFE1178CE3AA0DEF0 /* Release */ = {
			isa = XCBuildConfiguration;
			buildSettings = {
				ALWAYS_SEARCH_USER_PATHS = NO;
				CLANG_ANALYZER_NONNULL = YES;
				CLANG_ANALYZER_NUMBER_OBJECT_CONVERSION = YES_AGGRESSIVE;
				CLANG_CXX_LANGUAGE_STANDARD = "gnu++14";
				CLANG_CXX_LIBRARY = "libc++";
				CLANG_ENABLE_MODULES = YES;
				CLANG_ENABLE_OBJC_ARC = YES;
				CLANG_ENABLE_OBJC_WEAK = YES;
				CLANG_WARN_BLOCK_CAPTURE_AUTORELEASING = YES;
				CLANG_WARN_BOOL_CONVERSION = YES;
				CLANG_WARN_COMMA = YES;
				CLANG_WARN_CONSTANT_CONVERSION = YES;
				CLANG_WARN_DEPRECATED_OBJC_IMPLEMENTATIONS = YES;
				CLANG_WARN_DIRECT_OBJC_ISA_USAGE = YES_ERROR;
				CLANG_WARN_DOCUMENTATION_COMMENTS = YES;
				CLANG_WARN_EMPTY_BODY = YES;
				CLANG_WARN_ENUM_CONVERSION = YES;
				CLANG_WARN_INFINITE_RECURSION = YES;
				CLANG_WARN_INT_CONVERSION = YES;
				CLANG_WARN_NON_LITERAL_NULL_CONVERSION = YES;
				CLANG_WARN_OBJC_IMPLICIT_RETAIN_SELF = YES;
				CLANG_WARN_OBJC_LITERAL_CONVERSION = YES;
				CLANG_WARN_OBJC_ROOT_CLASS = YES_ERROR;
				CLANG_WARN_QUOTED_INCLUDE_IN_FRAMEWORK_HEADER = YES;
				CLANG_WARN_RANGE_LOOP_ANALYSIS = YES;
				CLANG_WARN_STRICT_PROTOTYPES = YES;
				CLANG_WARN_SUSPICIOUS_MOVE = YES;
				CLANG_WARN_UNGUARDED_AVAILABILITY = YES_AGGRESSIVE;
				CLANG_WARN_UNREACHABLE_CODE = YES;
				CLANG_WARN__DUPLICATE_METHOD_MATCH = YES;
				COPY_PHASE_STRIP = NO;
				DEBUG_INFORMATION_FORMAT = "dwarf-with-dsym";
				ENABLE_NS_ASSERTIONS = NO;
				ENABLE_STRICT_OBJC_MSGSEND = YES;
				GCC_C_LANGUAGE_STANDARD = gnu11;
				GCC_NO_COMMON_BLOCKS = YES;
				GCC_WARN_64_TO_32_BIT_CONVERSION = YES;
				GCC_WARN_ABOUT_RETURN_TYPE = YES_ERROR;
				GCC_WARN_UNDECLARED_SELECTOR = YES;
				GCC_WARN_UNINITIALIZED_AUTOS = YES_AGGRESSIVE;
				GCC_WARN_UNUSED_FUNCTION = YES;
				GCC_WARN_UNUSED_VARIABLE = YES;
				IPHONEOS_DEPLOYMENT_TARGET = 15.0;
				MTL_ENABLE_DEBUG_INFO = NO;
				MTL_FAST_MATH = YES;
				PRODUCT_NAME = "$(TARGET_NAME)";
				SDKROOT = iphoneos;
				SWIFT_COMPILATION_MODE = wholemodule;
				SWIFT_OPTIMIZATION_LEVEL = "-O";
				SWIFT_VERSION = 5.0;
			};
			name = Release;
		};
		A6D9B051E1E7CBC07A8305F6 /* Debug */ = {
			isa = XCBuildConfiguration;
			buildSettings = {
				ALWAYS_SEARCH_USER_PATHS = NO;
				CLANG_ANALYZER_NONNULL = YES;
				CLANG_ANALYZER_NUMBER_OBJECT_CONVERSION = YES_AGGRESSIVE;
				CLANG_CXX_LANGUAGE_STANDARD = "gnu++14";
				CLANG_CXX_LIBRARY = "libc++";
				CLANG_ENABLE_MODULES = YES;
				CLANG_ENABLE_OBJC_ARC = YES;
				CLANG_ENABLE_OBJC_WEAK = YES;
				CLANG_WARN_BLOCK_CAPTURE_AUTORELEASING = YES;
				CLANG_WARN_BOOL_CONVERSION = YES;
				CLANG_WARN_COMMA = YES;
				CLANG_WARN_CONSTANT_CONVERSION = YES;
				CLANG_WARN_DEPRECATED_OBJC_IMPLEMENTATIONS = YES;
				CLANG_WARN_DIRECT_OBJC_ISA_USAGE = YES_ERROR;
				CLANG_WARN_DOCUMENTATION_COMMENTS = YES;
				CLANG_WARN_EMPTY_BODY = YES;
				CLANG_WARN_ENUM_CONVERSION = YES;
				CLANG_WARN_INFINITE_RECURSION = YES;
				CLANG_WARN_INT_CONVERSION = YES;
				CLANG_WARN_NON_LITERAL_NULL_CONVERSION = YES;
				CLANG_WARN_OBJC_IMPLICIT_RETAIN_SELF = YES;
				CLANG_WARN_OBJC_LITERAL_CONVERSION = YES;
				CLANG_WARN_OBJC_ROOT_CLASS = YES_ERROR;
				CLANG_WARN_QUOTED_INCLUDE_IN_FRAMEWORK_HEADER = YES;
				CLANG_WARN_RANGE_LOOP_ANALYSIS = YES;
				CLANG_WARN_STRICT_PROTOTYPES = YES;
				CLANG_WARN_SUSPICIOUS_MOVE = YES;
				CLANG_WARN_UNGUARDED_AVAILABILITY = YES_AGGRESSIVE;
				CLANG_WARN_UNREACHABLE_CODE = YES;
				CLANG_WARN__DUPLICATE_METHOD_MATCH = YES;
				COPY_PHASE_STRIP = NO;
				DEBUG_INFORMATION_FORMAT = dwarf;
				ENABLE_STRICT_OBJC_MSGSEND = YES;
				ENABLE_TESTABILITY = YES;
				GCC_C_LANGUAGE_STANDARD = gnu11;
				GCC_DYNAMIC_NO_PIC = NO;
				GCC_NO_COMMON_BLOCKS = YES;
				GCC_OPTIMIZATION_LEVEL = 0;
				GCC_PREPROCESSOR_DEFINITIONS = (
					"$(inherited)",
					"DEBUG=1",
				);
				GCC_WARN_64_TO_32_BIT_CONVERSION = YES;
				GCC_WARN_ABOUT_RETURN_TYPE = YES_ERROR;
				GCC_WARN_UNDECLARED_SELECTOR = YES;
				GCC_WARN_UNINITIALIZED_AUTOS = YES_AGGRESSIVE;
				GCC_WARN_UNUSED_FUNCTION = YES;
				GCC_WARN_UNUSED_VARIABLE = YES;
				IPHONEOS_DEPLOYMENT_TARGET = 15.0;
				MTL_ENABLE_DEBUG_INFO = INCLUDE_SOURCE;
				MTL_FAST_MATH = YES;
				ONLY_ACTIVE_ARCH = YES;
				PRODUCT_NAME = "$(TARGET_NAME)";
				SDKROOT = iphoneos;
				SWIFT_ACTIVE_COMPILATION_CONDITIONS = DEBUG;
				SWIFT_OPTIMIZATION_LEVEL = "-Onone";
				SWIFT_VERSION = 5.0;
			};
			name = Debug;
		};
/* End XCBuildConfiguration section */

/* Begin XCConfigurationList section */
		02EBA8AA01D68794D9F62F24 /* Build configuration list for PBXProject "ISkeletonDemo" */ = {
			isa = XCConfigurationList;
			buildConfigurations = (
				A6D9B051E1E7CBC07A8305F6 /* Debug */,
				5D6BFF1DFE1178CE3AA0DEF0 /* Release */,
			);
			defaultConfigurationIsVisible = 0;
			defaultConfigurationName = Debug;
		};
		EC649A5E6D94ECCE2FF4AF7D /* Build configuration list for PBXNativeTarget "ISkeletonDemo" */ = {
			isa = XCConfigurationList;
			buildConfigurations = (
				2B9111CA01F3DBDEDC3235C4 /* Debug */,
				149CEFAB1F94329F2128F548 /* Release */,
			);
			defaultConfigurationIsVisible = 0;
			defaultConfigurationName = Debug;
		};
/* End XCConfigurationList section */

/* Begin XCLocalSwiftPackageReference section */
		706D3AED730671C21D1DFE98 /* XCLocalSwiftPackageReference ".." */ = {
			isa = XCLocalSwiftPackageReference;
			relativePath = ..;
		};
/* End XCLocalSwiftPackageReference section */

/* Begin XCSwiftPackageProductDependency section */
		37CCC6E82B72B17C0B750416 /* Skeleton-SwiftUI */ = {
			isa = XCSwiftPackageProductDependency;
			productName = "Skeleton-SwiftUI";
		};
		7B04E271ABABCA6518D61A99 /* Skeleton-UIKit */ = {
			isa = XCSwiftPackageProductDependency;
			productName = "Skeleton-UIKit";
		};
/* End XCSwiftPackageProductDependency section */
	};
	rootObject = 4C4DBB254ED7EA19F304964D /* Project object */;
}
